// !$*UTF8*$!
{
	archiveVersion = 1;
	classes = {
	};
	objectVersion = 50;
	objects = {

/* Begin PBXBuildFile section */
		57179C2E24A726C2003F0314 /* Sicilian_Breeze.mp3 in Resources */ = {isa = PBXBuildFile; fileRef = 57179C2D24A726C2003F0314 /* Sicilian_Breeze.mp3 */; };
		57337F1124A70CB300C23648 /* AppDelegate.swift in Sources */ = {isa = PBXBuildFile; fileRef = 57337F1024A70CB300C23648 /* AppDelegate.swift */; };
		57337F1324A70CB300C23648 /* SceneDelegate.swift in Sources */ = {isa = PBXBuildFile; fileRef = 57337F1224A70CB300C23648 /* SceneDelegate.swift */; };
		57337F1524A70CB300C23648 /* ViewController.swift in Sources */ = {isa = PBXBuildFile; fileRef = 57337F1424A70CB300C23648 /* ViewController.swift */; };
		57337F1824A70CB300C23648 /* Main.storyboard in Resources */ = {isa = PBXBuildFile; fileRef = 57337F1624A70CB300C23648 /* Main.storyboard */; };
		57337F1A24A70CB400C23648 /* Assets.xcassets in Resources */ = {isa = PBXBuildFile; fileRef = 57337F1924A70CB400C23648 /* Assets.xcassets */; };
		57337F1D24A70CB400C23648 /* LaunchScreen.storyboard in Resources */ = {isa = PBXBuildFile; fileRef = 57337F1B24A70CB400C23648 /* LaunchScreen.storyboard */; };
		B9637F2FC5A7E673F6C0971A /* Pods_AudioApp.framework in Frameworks */ = {isa = PBXBuildFile; fileRef = 8A01F5D79BF56D7665A25C5D /* Pods_AudioApp.framework */; };
/* End PBXBuildFile section */

/* Begin PBXFileReference section */
		0A8D2902F96B3C92F1A739CB /* Pods-AudioApp.release.xcconfig */ = {isa = PBXFileReference; includeInIndex = 1; lastKnownFileType = text.xcconfig; name = "Pods-AudioApp.release.xcconfig"; path = "Target Support Files/Pods-AudioApp/Pods-AudioApp.release.xcconfig"; sourceTree = "<group>"; };
		11B373A282D8EE3333E6CA52 /* Pods-AudioApp.debug.xcconfig */ = {isa = PBXFileReference; includeInIndex = 1; lastKnownFileType = text.xcconfig; name = "Pods-AudioApp.debug.xcconfig"; path = "Target Support Files/Pods-AudioApp/Pods-AudioApp.debug.xcconfig"; sourceTree = "<group>"; };
		57179C2D24A726C2003F0314 /* Sicilian_Breeze.mp3 */ = {isa = PBXFileReference; lastKnownFileType = audio.mp3; name = Sicilian_Breeze.mp3; path = "../../../../../Downloads/13장/본문실습파일/Sicilian_Breeze.mp3"; sourceTree = "<group>"; };
		57337F0D24A70CB300C23648 /* AudioApp.app */ = {isa = PBXFileReference; explicitFileType = wrapper.application; includeInIndex = 0; path = AudioApp.app; sourceTree = BUILT_PRODUCTS_DIR; };
		57337F1024A70CB300C23648 /* AppDelegate.swift */ = {isa = PBXFileReference; lastKnownFileType = sourcecode.swift; path = AppDelegate.swift; sourceTree = "<group>"; };
		57337F1224A70CB300C23648 /* SceneDelegate.swift */ = {isa = PBXFileReference; lastKnownFileType = sourcecode.swift; path = SceneDelegate.swift; sourceTree = "<group>"; };
		57337F1424A70CB300C23648 /* ViewController.swift */ = {isa = PBXFileReference; lastKnownFileType = sourcecode.swift; path = ViewController.swift; sourceTree = "<group>"; };
		57337F1724A70CB300C23648 /* Base */ = {isa = PBXFileReference; lastKnownFileType = file.storyboard; name = Base; path = Base.lproj/Main.storyboard; sourceTree = "<group>"; };
		57337F1924A70CB400C23648 /* Assets.xcassets */ = {isa = PBXFileReference; lastKnownFileType = folder.assetcatalog; path = Assets.xcassets; sourceTree = "<group>"; };
		57337F1C24A70CB400C23648 /* Base */ = {isa = PBXFileReference; lastKnownFileType = file.storyboard; name = Base; path = Base.lproj/LaunchScreen.storyboard; sourceTree = "<group>"; };
		57337F1E24A70CB400C23648 /* Info.plist */ = {isa = PBXFileReference; lastKnownFileType = text.plist.xml; path = Info.plist; sourceTree = "<group>"; };
		8A01F5D79BF56D7665A25C5D /* Pods_AudioApp.framework */ = {isa = PBXFileReference; explicitFileType = wrapper.framework; includeInIndex = 0; path = Pods_AudioApp.framework; sourceTree = BUILT_PRODUCTS_DIR; };
/* End PBXFileReference section */

/* Begin PBXFrameworksBuildPhase section */
		57337F0A24A70CB300C23648 /* Frameworks */ = {
			isa = PBXFrameworksBuildPhase;
			buildActionMask = 2147483647;
			files = (
				B9637F2FC5A7E673F6C0971A /* Pods_AudioApp.framework in Frameworks */,
			);
			runOnlyForDeploymentPostprocessing = 0;
		};
/* End PBXFrameworksBuildPhase section */

/* Begin PBXGroup section */
		0298CE287EAD61C80B965339 /* Frameworks */ = {
			isa = PBXGroup;
			children = (
				8A01F5D79BF56D7665A25C5D /* Pods_AudioApp.framework */,
			);
			name = Frameworks;
			sourceTree = "<group>";
		};
		57337F0424A70CB300C23648 = {
			isa = PBXGroup;
			children = (
				57337F0F24A70CB300C23648 /* AudioApp */,
				57337F0E24A70CB300C23648 /* Products */,
				D82F7D9E6B472B22B18605D8 /* Pods */,
				0298CE287EAD61C80B965339 /* Frameworks */,
			);
			sourceTree = "<group>";
		};
		57337F0E24A70CB300C23648 /* Products */ = {
			isa = PBXGroup;
			children = (
				57337F0D24A70CB300C23648 /* AudioApp.app */,
			);
			name = Products;
			sourceTree = "<group>";
		};
		57337F0F24A70CB300C23648 /* AudioApp */ = {
			isa = PBXGroup;
			children = (
				57179C2D24A726C2003F0314 /* Sicilian_Breeze.mp3 */,
				57337F1024A70CB300C23648 /* AppDelegate.swift */,
				57337F1224A70CB300C23648 /* SceneDelegate.swift */,
				57337F1424A70CB300C23648 /* ViewController.swift */,
				57337F1624A70CB300C23648 /* Main.storyboard */,
				57337F1924A70CB400C23648 /* Assets.xcassets */,
				57337F1B24A70CB400C23648 /* LaunchScreen.storyboard */,
				57337F1E24A70CB400C23648 /* Info.plist */,
			);
			path = AudioApp;
			sourceTree = "<group>";
		};
		D82F7D9E6B472B22B18605D8 /* Pods */ = {
			isa = PBXGroup;
			children = (
				11B373A282D8EE3333E6CA52 /* Pods-AudioApp.debug.xcconfig */,
				0A8D2902F96B3C92F1A739CB /* Pods-AudioApp.release.xcconfig */,
			);
			name = Pods;
			path = Pods;
			sourceTree = "<group>";
		};
/* End PBXGroup section */

/* Begin PBXNativeTarget section */
		57337F0C24A70CB300C23648 /* AudioApp */ = {
			isa = PBXNativeTarget;
			buildConfigurationList = 57337F2124A70CB400C23648 /* Build configuration list for PBXNativeTarget "AudioApp" */;
			buildPhases = (
				899BCD072CECF27702A3AD95 /* [CP] Check Pods Manifest.lock */,
				57337F0924A70CB300C23648 /* Sources */,
				57337F0A24A70CB300C23648 /* Frameworks */,
				57337F0B24A70CB300C23648 /* Resources */,
			);
			buildRules = (
			);
			dependencies = (
			);
			name = AudioApp;
			productName = AudioApp;
			productReference = 57337F0D24A70CB300C23648 /* AudioApp.app */;
			productType = "com.apple.product-type.application";
		};
/* End PBXNativeTarget section */

/* Begin PBXProject section */
		57337F0524A70CB300C23648 /* Project object */ = {
			isa = PBXProject;
			attributes = {
				LastSwiftUpdateCheck = 1150;
				LastUpgradeCheck = 1150;
				ORGANIZATIONNAME = "jeong gwanjin";
				TargetAttributes = {
					57337F0C24A70CB300C23648 = {
						CreatedOnToolsVersion = 11.5;
					};
				};
			};
			buildConfigurationList = 57337F0824A70CB300C23648 /* Build configuration list for PBXProject "AudioApp" */;
			compatibilityVersion = "Xcode 9.3";
			developmentRegion = en;
			hasScannedForEncodings = 0;
			knownRegions = (
				en,
				Base,
			);
			mainGroup = 57337F0424A70CB300C23648;
			productRefGroup = 57337F0E24A70CB300C23648 /* Products */;
			projectDirPath = "";
			projectRoot = "";
			targets = (
				57337F0C24A70CB300C23648 /* AudioApp */,
			);
		};
/* End PBXProject section */

/* Begin PBXResourcesBuildPhase section */
		57337F0B24A70CB300C23648 /* Resources */ = {
			isa = PBXResourcesBuildPhase;
			buildActionMask = 2147483647;
			files = (
				57337F1D24A70CB400C23648 /* LaunchScreen.storyboard in Resources */,
				57179C2E24A726C2003F0314 /* Sicilian_Breeze.mp3 in Resources */,
				57337F1A24A70CB400C23648 /* Assets.xcassets in Resources */,
				57337F1824A70CB300C23648 /* Main.storyboard in Resources */,
			);
			runOnlyForDeploymentPostprocessing = 0;
		};
/* End PBXResourcesBuildPhase section */

/* Begin PBXShellScriptBuildPhase section */
		899BCD072CECF27702A3AD95 /* [CP] Check Pods Manifest.lock */ = {
			isa = PBXShellScriptBuildPhase;
			buildActionMask = 2147483647;
			files = (
			);
			inputFileListPaths = (
			);
			inputPaths = (
				"${PODS_PODFILE_DIR_PATH}/Podfile.lock",
				"${PODS_ROOT}/Manifest.lock",
			);
			name = "[CP] Check Pods Manifest.lock";
			outputFileListPaths = (
			);
			outputPaths = (
				"$(DERIVED_FILE_DIR)/Pods-AudioApp-checkManifestLockResult.txt",
			);
			runOnlyForDeploymentPostprocessing = 0;
			shellPath = /bin/sh;
			shellScript = "diff \"${PODS_PODFILE_DIR_PATH}/Podfile.lock\" \"${PODS_ROOT}/Manifest.lock\" > /dev/null\nif [ $? != 0 ] ; then\n    # print error to STDERR\n    echo \"error: The sandbox is not in sync with the Podfile.lock. Run 'pod install' or update your CocoaPods installation.\" >&2\n    exit 1\nfi\n# This output is used by Xcode 'outputs' to avoid re-running this script phase.\necho \"SUCCESS\" > \"${SCRIPT_OUTPUT_FILE_0}\"\n";
			showEnvVarsInLog = 0;
		};
/* End PBXShellScriptBuildPhase section */

/* Begin PBXSourcesBuildPhase section */
		57337F0924A70CB300C23648 /* Sources */ = {
			isa = PBXSourcesBuildPhase;
			buildActionMask = 2147483647;
			files = (
				57337F1524A70CB300C23648 /* ViewController.swift in Sources */,
				57337F1124A70CB300C23648 /* AppDelegate.swift in Sources */,
				57337F1324A70CB300C23648 /* SceneDelegate.swift in Sources */,
			);
			runOnlyForDeploymentPostprocessing = 0;
		};
/* End PBXSourcesBuildPhase section */

/* Begin PBXVariantGroup section */
		57337F1624A70CB300C23648 /* Main.storyboard */ = {
			isa = PBXVariantGroup;
			children = (
				57337F1724A70CB300C23648 /* Base */,
			);
			name = Main.storyboard;
			sourceTree = "<group>";
		};
		57337F1B24A70CB400C23648 /* LaunchScreen.storyboard */ = {
			isa = PBXVariantGroup;
			children = (
				57337F1C24A70CB400C23648 /* Base */,
			);
			name = LaunchScreen.storyboard;
			sourceTree = "<group>";
		};
/* End PBXVariantGroup section */

/* Begin XCBuildConfiguration section */
		57337F1F24A70CB400C23648 /* Debug */ = {
			isa = XCBuildConfiguration;
			buildSettings = {
				ALWAYS_SEARCH_USER_PATHS = NO;
				CLANG_ANALYZER_NONNULL = YES;
				CLANG_ANALYZER_NUMBER_OBJECT_CONVERSION = YES_AGGRESSIVE;
				CLANG_CXX_LANGUAGE_STANDARD = "gnu++14";
				CLANG_CXX_LIBRARY = "libc++";
				CLANG_ENABLE_MODULES = YES;
				CLANG_ENABLE_OBJC_ARC = YES;
				CLANG_ENABLE_OBJC_WEAK = YES;
				CLANG_WARN_BLOCK_CAPTURE_AUTORELEASING = YES;
				CLANG_WARN_BOOL_CONVERSION = YES;
				CLANG_WARN_COMMA = YES;
				CLANG_WARN_CONSTANT_CONVERSION = YES;
				CLANG_WARN_DEPRECATED_OBJC_IMPLEMENTATIONS = YES;
				CLANG_WARN_DIRECT_OBJC_ISA_USAGE = YES_ERROR;
				CLANG_WARN_DOCUMENTATION_COMMENTS = YES;
				CLANG_WARN_EMPTY_BODY = YES;
				CLANG_WARN_ENUM_CONVERSION = YES;
				CLANG_WARN_INFINITE_RECURSION = YES;
				CLANG_WARN_INT_CONVERSION = YES;
				CLANG_WARN_NON_LITERAL_NULL_CONVERSION = YES;
				CLANG_WARN_OBJC_IMPLICIT_RETAIN_SELF = YES;
				CLANG_WARN_OBJC_LITERAL_CONVERSION = YES;
				CLANG_WARN_OBJC_ROOT_CLASS = YES_ERROR;
				CLANG_WARN_RANGE_LOOP_ANALYSIS = YES;
				CLANG_WARN_STRICT_PROTOTYPES = YES;
				CLANG_WARN_SUSPICIOUS_MOVE = YES;
				CLANG_WARN_UNGUARDED_AVAILABILITY = YES_AGGRESSIVE;
				CLANG_WARN_UNREACHABLE_CODE = YES;
				CLANG_WARN__DUPLICATE_METHOD_MATCH = YES;
				COPY_PHASE_STRIP = NO;
				DEBUG_INFORMATION_FORMAT = dwarf;
				ENABLE_STRICT_OBJC_MSGSEND = YES;
				ENABLE_TESTABILITY = YES;
				GCC_C_LANGUAGE_STANDARD = gnu11;
				GCC_DYNAMIC_NO_PIC = NO;
				GCC_NO_COMMON_BLOCKS = YES;
				GCC_OPTIMIZATION_LEVEL = 0;
				GCC_PREPROCESSOR_DEFINITIONS = (
					"DEBUG=1",
					"$(inherited)",
				);
				GCC_WARN_64_TO_32_BIT_CONVERSION = YES;
				GCC_WARN_ABOUT_RETURN_TYPE = YES_ERROR;
				GCC_WARN_UNDECLARED_SELECTOR = YES;
				GCC_WARN_UNINITIALIZED_AUTOS = YES_AGGRESSIVE;
				GCC_WARN_UNUSED_FUNCTION = YES;
				GCC_WARN_UNUSED_VARIABLE = YES;
				IPHONEOS_DEPLOYMENT_TARGET = 13.0;
				MTL_ENABLE_DEBUG_INFO = INCLUDE_SOURCE;
				MTL_FAST_MATH = YES;
				ONLY_ACTIVE_ARCH = YES;
				SDKROOT = iphoneos;
				SWIFT_ACTIVE_COMPILATION_CONDITIONS = DEBUG;
				SWIFT_OPTIMIZATION_LEVEL = "-Onone";
			};
			name = Debug;
		};
		57337F2024A70CB400C23648 /* Release */ = {
			isa = XCBuildConfiguration;
			buildSettings = {
				ALWAYS_SEARCH_USER_PATHS = NO;
				CLANG_ANALYZER_NONNULL = YES;
				CLANG_ANALYZER_NUMBER_OBJECT_CONVERSION = YES_AGGRESSIVE;
				CLANG_CXX_LANGUAGE_STANDARD = "gnu++14";
				CLANG_CXX_LIBRARY = "libc++";
				CLANG_ENABLE_MODULES = YES;
				CLANG_ENABLE_OBJC_ARC = YES;
				CLANG_ENABLE_OBJC_WEAK = YES;
				CLANG_WARN_BLOCK_CAPTURE_AUTORELEASING = YES;
				CLANG_WARN_BOOL_CONVERSION = YES;
				CLANG_WARN_COMMA = YES;
				CLANG_WARN_CONSTANT_CONVERSION = YES;
				CLANG_WARN_DEPRECATED_OBJC_IMPLEMENTATIONS = YES;
				CLANG_WARN_DIRECT_OBJC_ISA_USAGE = YES_ERROR;
				CLANG_WARN_DOCUMENTATION_COMMENTS = YES;
				CLANG_WARN_EMPTY_BODY = YES;
				CLANG_WARN_ENUM_CONVERSION = YES;
				CLANG_WARN_INFINITE_RECURSION = YES;
				CLANG_WARN_INT_CONVERSION = YES;
				CLANG_WARN_NON_LITERAL_NULL_CONVERSION = YES;
				CLANG_WARN_OBJC_IMPLICIT_RETAIN_SELF = YES;
				CLANG_WARN_OBJC_LITERAL_CONVERSION = YES;
				CLANG_WARN_OBJC_ROOT_CLASS = YES_ERROR;
				CLANG_WARN_RANGE_LOOP_ANALYSIS = YES;
				CLANG_WARN_STRICT_PROTOTYPES = YES;
				CLANG_WARN_SUSPICIOUS_MOVE = YES;
				CLANG_WARN_UNGUARDED_AVAILABILITY = YES_AGGRESSIVE;
				CLANG_WARN_UNREACHABLE_CODE = YES;
				CLANG_WARN__DUPLICATE_METHOD_MATCH = YES;
				COPY_PHASE_STRIP = NO;
				DEBUG_INFORMATION_FORMAT = "dwarf-with-dsym";
				ENABLE_NS_ASSERTIONS = NO;
				ENABLE_STRICT_OBJC_MSGSEND = YES;
				GCC_C_LANGUAGE_STANDARD = gnu11;
				GCC_NO_COMMON_BLOCKS = YES;
				GCC_WARN_64_TO_32_BIT_CONVERSION = YES;
				GCC_WARN_ABOUT_RETURN_TYPE = YES_ERROR;
				GCC_WARN_UNDECLARED_SELECTOR = YES;
				GCC_WARN_UNINITIALIZED_AUTOS = YES_AGGRESSIVE;
				GCC_WARN_UNUSED_FUNCTION = YES;
				GCC_WARN_UNUSED_VARIABLE = YES;
				IPHONEOS_DEPLOYMENT_TARGET = 13.0;
				MTL_ENABLE_DEBUG_INFO = NO;
				MTL_FAST_MATH = YES;
				SDKROOT = iphoneos;
				SWIFT_COMPILATION_MODE = wholemodule;
				SWIFT_OPTIMIZATION_LEVEL = "-O";
				VALIDATE_PRODUCT = YES;
			};
			name = Release;
		};
		57337F2224A70CB400C23648 /* Debug */ = {
			isa = XCBuildConfiguration;
			baseConfigurationReference = 11B373A282D8EE3333E6CA52 /* Pods-AudioApp.debug.xcconfig */;
			buildSettings = {
				ASSETCATALOG_COMPILER_APPICON_NAME = AppIcon;
				CODE_SIGN_STYLE = Manual;
				DEVELOPMENT_TEAM = "";
				INFOPLIST_FILE = AudioApp/Info.plist;
				IPHONEOS_DEPLOYMENT_TARGET = 13.0;
				LD_RUNPATH_SEARCH_PATHS = (
					"$(inherited)",
					"@executable_path/Frameworks",
				);
				PRODUCT_BUNDLE_IDENTIFIER = com.jeong.gwanjin.AudioApp;
				PRODUCT_NAME = "$(TARGET_NAME)";
				PROVISIONING_PROFILE_SPECIFIER = "";
				SWIFT_VERSION = 5.0;
				TARGETED_DEVICE_FAMILY = "1,2";
			};
			name = Debug;
		};
		57337F2324A70CB400C23648 /* Release */ = {
			isa = XCBuildConfiguration;
			baseConfigurationReference = 0A8D2902F96B3C92F1A739CB /* Pods-AudioApp.release.xcconfig */;
			buildSettings = {
				ASSETCATALOG_COMPILER_APPICON_NAME = AppIcon;
				CODE_SIGN_STYLE = Manual;
				DEVELOPMENT_TEAM = "";
				INFOPLIST_FILE = AudioApp/Info.plist;
				IPHONEOS_DEPLOYMENT_TARGET = 13.0;
				LD_RUNPATH_SEARCH_PATHS = (
					"$(inherited)",
					"@executable_path/Frameworks",
				);
				PRODUCT_BUNDLE_IDENTIFIER = com.jeong.gwanjin.AudioApp;
				PRODUCT_NAME = "$(TARGET_NAME)";
				PROVISIONING_PROFILE_SPECIFIER = "";
				SWIFT_VERSION = 5.0;
				TARGETED_DEVICE_FAMILY = "1,2";
			};
			name = Release;
		};
/* End XCBuildConfiguration section */

/* Begin XCConfigurationList section */
		57337F0824A70CB300C23648 /* Build configuration list for PBXProject "AudioApp" */ = {
			isa = XCConfigurationList;
			buildConfigurations = (
				57337F1F24A70CB400C23648 /* Debug */,
				57337F2024A70CB400C23648 /* Release */,
			);
			defaultConfigurationIsVisible = 0;
			defaultConfigurationName = Release;
		};
		57337F2124A70CB400C23648 /* Build configuration list for PBXNativeTarget "AudioApp" */ = {
			isa = XCConfigurationList;
			buildConfigurations = (
				57337F2224A70CB400C23648 /* Debug */,
				57337F2324A70CB400C23648 /* Release */,
			);
			defaultConfigurationIsVisible = 0;
			defaultConfigurationName = Release;
		};
/* End XCConfigurationList section */
	};
	rootObject = 57337F0524A70CB300C23648 /* Project object */;
}
